{
  "name": "atm-assignment",
  "version": "1.0.0",
  "lockfileVersion": 1,
  "requires": true,
  "dependencies": {
    "@types/lodash": {
      "version": "4.14.107",
      "resolved": "https://registry.npmjs.org/@types/lodash/-/lodash-4.14.107.tgz",
      "integrity": "sha512-afvjfP2rl3yvtv2qrCRN23zIQcDinF+munMJCoHEw2BXF22QJogTlVfNPTACQ6ieDyA6VnyKT4WLuN/wK368ng=="
    },
    "lodash": {
      "version": "4.17.21",
      "resolved": "https://registry.npmjs.org/lodash/-/lodash-4.17.21.tgz",
      "integrity": "sha512-v2kDEe57lecTulaDIuNTPy3Ry4gLGJ6Z1O3vE1krgXZNrsQ+LFTGHVxVjcXPs17LhbZVGedAJv8XZ1tvj5FvSg=="
    },
    "typescript-tools": {
      "version": "0.3.1",
      "resolved": "https://registry.npmjs.org/typescript-tools/-/typescript-tools-0.3.1.tgz",
      "integrity": "sha1-MlhSu+lFwwIQpjbOdjMHcHpTxEk="
    }
  }
}
