{
  "name": "atm-assignment-4",
  "version": "1.0.0",
  "lockfileVersion": 1,
  "requires": true,
  "dependencies": {
    "@types/angular": {
      "version": "1.6.43",
      "resolved": "https://registry.npmjs.org/@types/angular/-/angular-1.6.43.tgz",
      "integrity": "sha512-3GrHCRZS62ruJjHMtOx3WYsS0I8i0FRcIqOwqIfWXnlR9g2FebEhUNdMk3LZIvfhZ08xe+S1x2iwP1t9vKCHag=="
    },
    "bootstrap": {
      "version": "4.3.1",
      "resolved": "https://registry.npmjs.org/bootstrap/-/bootstrap-4.3.1.tgz",
      "integrity": "sha512-rXqOmH1VilAt2DyPzluTi2blhk17bO7ef+zLLPlWvG494pDxcM234pJ8wTc/6R40UWizAIIMgxjvxZg5kmsbag=="
    },
    "rxjs": {
      "version": "6.0.0-beta.4",
      "resolved": "https://registry.npmjs.org/rxjs/-/rxjs-6.0.0-beta.4.tgz",
      "integrity": "sha512-H+ghJ4H2mPrugoMfgbeky0yhmOrk4y0ykRyZpYvU2za0VbE2WTKgY/9pF7HJCogPFNIyI4GqI9Ujk3Xr4XxHbQ==",
      "requires": {
        "tslib": "1.9.0"
      }
    },
    "tslib": {
      "version": "1.9.0",
      "resolved": "https://registry.npmjs.org/tslib/-/tslib-1.9.0.tgz",
      "integrity": "sha512-f/qGG2tUkrISBlQZEjEqoZ3B2+npJjIf04H1wuAv9iA8i04Icp+61KRXxFdha22670NJopsZCIjhC3SnjPRKrQ=="
    },
    "typescript-tools": {
      "version": "0.3.1",
      "resolved": "https://registry.npmjs.org/typescript-tools/-/typescript-tools-0.3.1.tgz",
      "integrity": "sha1-MlhSu+lFwwIQpjbOdjMHcHpTxEk="
    }
  }
}
